
Microsoft Visual Studio Solution File, Format Version 12.00
# Visual Studio Version 17
VisualStudioVersion = 17.2.32317.152
MinimumVisualStudioVersion = 10.0.40219.1
Project("{FAE04EC0-301F-11D3-BF4B-00C04F79EFBC}") = "AOABM.UWP", "AOABM.UWP\AOABM.UWP.csproj", "{B4DAA041-CEB9-4038-B078-62318FCCEB05}"
EndProject
Project("{FAE04EC0-301F-11D3-BF4B-00C04F79EFBC}") = "AOABM.Android", "AOABM.Android\AOABM.Android.csproj", "{E66D3AC8-0DBB-4E52-9DE6-B4CD5326620D}"
EndProject
Project("{FAE04EC0-301F-11D3-BF4B-00C04F79EFBC}") = "AOABM.iOS", "AOABM.iOS\AOABM.iOS.csproj", "{489129C9-8DCA-49BA-876E-18998CFAC248}"
EndProject
Project("{FAE04EC0-301F-11D3-BF4B-00C04F79EFBC}") = "AOABM", "AOABM\AOABM.csproj", "{FE089CC2-2AEC-4A56-8CD2-332A0EC2CB62}"
EndProject
Global
	GlobalSection(SolutionConfigurationPlatforms) = preSolution
		Debug|Any CPU = Debug|Any CPU
		Debug|ARM = Debug|ARM
		Debug|iPhone = Debug|iPhone
		Debug|iPhoneSimulator = Debug|iPhoneSimulator
		Debug|x64 = Debug|x64
		Debug|x86 = Debug|x86
		Release|Any CPU = Release|Any CPU
		Release|ARM = Release|ARM
		Release|iPhone = Release|iPhone
		Release|iPhoneSimulator = Release|iPhoneSimulator
		Release|x64 = Release|x64
		Release|x86 = Release|x86
	EndGlobalSection
	GlobalSection(ProjectConfigurationPlatforms) = postSolution
		{B4DAA041-CEB9-4038-B078-62318FCCEB05}.Debug|Any CPU.ActiveCfg = Debug|x64
		{B4DAA041-CEB9-4038-B078-62318FCCEB05}.Debug|Any CPU.Build.0 = Debug|x64
		{B4DAA041-CEB9-4038-B078-62318FCCEB05}.Debug|Any CPU.Deploy.0 = Debug|x64
		{B4DAA041-CEB9-4038-B078-62318FCCEB05}.Debug|ARM.ActiveCfg = Debug|ARM
		{B4DAA041-CEB9-4038-B078-62318FCCEB05}.Debug|ARM.Build.0 = Debug|ARM
		{B4DAA041-CEB9-4038-B078-62318FCCEB05}.Debug|ARM.Deploy.0 = Debug|ARM
		{B4DAA041-CEB9-4038-B078-62318FCCEB05}.Debug|iPhone.ActiveCfg = Debug|x64
		{B4DAA041-CEB9-4038-B078-62318FCCEB05}.Debug|iPhone.Build.0 = Debug|x64
		{B4DAA041-CEB9-4038-B078-62318FCCEB05}.Debug|iPhone.Deploy.0 = Debug|x64
		{B4DAA041-CEB9-4038-B078-62318FCCEB05}.Debug|iPhoneSimulator.ActiveCfg = Debug|x64
		{B4DAA041-CEB9-4038-B078-62318FCCEB05}.Debug|iPhoneSimulator.Build.0 = Debug|x64
		{B4DAA041-CEB9-4038-B078-62318FCCEB05}.Debug|iPhoneSimulator.Deploy.0 = Debug|x64
		{B4DAA041-CEB9-4038-B078-62318FCCEB05}.Debug|x64.ActiveCfg = Debug|x64
		{B4DAA041-CEB9-4038-B078-62318FCCEB05}.Debug|x64.Build.0 = Debug|x64
		{B4DAA041-CEB9-4038-B078-62318FCCEB05}.Debug|x64.Deploy.0 = Debug|x64
		{B4DAA041-CEB9-4038-B078-62318FCCEB05}.Debug|x86.ActiveCfg = Debug|x86
		{B4DAA041-CEB9-4038-B078-62318FCCEB05}.Debug|x86.Build.0 = Debug|x86
		{B4DAA041-CEB9-4038-B078-62318FCCEB05}.Debug|x86.Deploy.0 = Debug|x86
		{B4DAA041-CEB9-4038-B078-62318FCCEB05}.Release|Any CPU.ActiveCfg = Release|x64
		{B4DAA041-CEB9-4038-B078-62318FCCEB05}.Release|Any CPU.Build.0 = Release|x64
		{B4DAA041-CEB9-4038-B078-62318FCCEB05}.Release|Any CPU.Deploy.0 = Release|x64
		{B4DAA041-CEB9-4038-B078-62318FCCEB05}.Release|ARM.ActiveCfg = Release|ARM
		{B4DAA041-CEB9-4038-B078-62318FCCEB05}.Release|ARM.Build.0 = Release|ARM
		{B4DAA041-CEB9-4038-B078-62318FCCEB05}.Release|ARM.Deploy.0 = Release|ARM
		{B4DAA041-CEB9-4038-B078-62318FCCEB05}.Release|iPhone.ActiveCfg = Release|x64
		{B4DAA041-CEB9-4038-B078-62318FCCEB05}.Release|iPhone.Build.0 = Release|x64
		{B4DAA041-CEB9-4038-B078-62318FCCEB05}.Release|iPhone.Deploy.0 = Release|x64
		{B4DAA041-CEB9-4038-B078-62318FCCEB05}.Release|iPhoneSimulator.ActiveCfg = Release|x64
		{B4DAA041-CEB9-4038-B078-62318FCCEB05}.Release|iPhoneSimulator.Build.0 = Release|x64
		{B4DAA041-CEB9-4038-B078-62318FCCEB05}.Release|iPhoneSimulator.Deploy.0 = Release|x64
		{B4DAA041-CEB9-4038-B078-62318FCCEB05}.Release|x64.ActiveCfg = Release|x64
		{B4DAA041-CEB9-4038-B078-62318FCCEB05}.Release|x64.Build.0 = Release|x64
		{B4DAA041-CEB9-4038-B078-62318FCCEB05}.Release|x64.Deploy.0 = Release|x64
		{B4DAA041-CEB9-4038-B078-62318FCCEB05}.Release|x86.ActiveCfg = Release|x86
		{B4DAA041-CEB9-4038-B078-62318FCCEB05}.Release|x86.Build.0 = Release|x86
		{B4DAA041-CEB9-4038-B078-62318FCCEB05}.Release|x86.Deploy.0 = Release|x86
		{E66D3AC8-0DBB-4E52-9DE6-B4CD5326620D}.Debug|Any CPU.ActiveCfg = Debug|Any CPU
		{E66D3AC8-0DBB-4E52-9DE6-B4CD5326620D}.Debug|Any CPU.Build.0 = Debug|Any CPU
		{E66D3AC8-0DBB-4E52-9DE6-B4CD5326620D}.Debug|Any CPU.Deploy.0 = Debug|Any CPU
		{E66D3AC8-0DBB-4E52-9DE6-B4CD5326620D}.Debug|ARM.ActiveCfg = Debug|Any CPU
		{E66D3AC8-0DBB-4E52-9DE6-B4CD5326620D}.Debug|ARM.Build.0 = Debug|Any CPU
		{E66D3AC8-0DBB-4E52-9DE6-B4CD5326620D}.Debug|ARM.Deploy.0 = Debug|Any CPU
		{E66D3AC8-0DBB-4E52-9DE6-B4CD5326620D}.Debug|iPhone.ActiveCfg = Debug|Any CPU
		{E66D3AC8-0DBB-4E52-9DE6-B4CD5326620D}.Debug|iPhone.Build.0 = Debug|Any CPU
		{E66D3AC8-0DBB-4E52-9DE6-B4CD5326620D}.Debug|iPhone.Deploy.0 = Debug|Any CPU
		{E66D3AC8-0DBB-4E52-9DE6-B4CD5326620D}.Debug|iPhoneSimulator.ActiveCfg = Debug|Any CPU
		{E66D3AC8-0DBB-4E52-9DE6-B4CD5326620D}.Debug|iPhoneSimulator.Build.0 = Debug|Any CPU
		{E66D3AC8-0DBB-4E52-9DE6-B4CD5326620D}.Debug|iPhoneSimulator.Deploy.0 = Debug|Any CPU
		{E66D3AC8-0DBB-4E52-9DE6-B4CD5326620D}.Debug|x64.ActiveCfg = Debug|Any CPU
		{E66D3AC8-0DBB-4E52-9DE6-B4CD5326620D}.Debug|x64.Build.0 = Debug|Any CPU
		{E66D3AC8-0DBB-4E52-9DE6-B4CD5326620D}.Debug|x64.Deploy.0 = Debug|Any CPU
		{E66D3AC8-0DBB-4E52-9DE6-B4CD5326620D}.Debug|x86.ActiveCfg = Debug|Any CPU
		{E66D3AC8-0DBB-4E52-9DE6-B4CD5326620D}.Debug|x86.Build.0 = Debug|Any CPU
		{E66D3AC8-0DBB-4E52-9DE6-B4CD5326620D}.Debug|x86.Deploy.0 = Debug|Any CPU
		{E66D3AC8-0DBB-4E52-9DE6-B4CD5326620D}.Release|Any CPU.ActiveCfg = Release|Any CPU
		{E66D3AC8-0DBB-4E52-9DE6-B4CD5326620D}.Release|Any CPU.Build.0 = Release|Any CPU
		{E66D3AC8-0DBB-4E52-9DE6-B4CD5326620D}.Release|Any CPU.Deploy.0 = Release|Any CPU
		{E66D3AC8-0DBB-4E52-9DE6-B4CD5326620D}.Release|ARM.ActiveCfg = Release|Any CPU
		{E66D3AC8-0DBB-4E52-9DE6-B4CD5326620D}.Release|ARM.Build.0 = Release|Any CPU
		{E66D3AC8-0DBB-4E52-9DE6-B4CD5326620D}.Release|ARM.Deploy.0 = Release|Any CPU
		{E66D3AC8-0DBB-4E52-9DE6-B4CD5326620D}.Release|iPhone.ActiveCfg = Release|Any CPU
		{E66D3AC8-0DBB-4E52-9DE6-B4CD5326620D}.Release|iPhone.Build.0 = Release|Any CPU
		{E66D3AC8-0DBB-4E52-9DE6-B4CD5326620D}.Release|iPhone.Deploy.0 = Release|Any CPU
		{E66D3AC8-0DBB-4E52-9DE6-B4CD5326620D}.Release|iPhoneSimulator.ActiveCfg = Release|Any CPU
		{E66D3AC8-0DBB-4E52-9DE6-B4CD5326620D}.Release|iPhoneSimulator.Build.0 = Release|Any CPU
		{E66D3AC8-0DBB-4E52-9DE6-B4CD5326620D}.Release|iPhoneSimulator.Deploy.0 = Release|Any CPU
		{E66D3AC8-0DBB-4E52-9DE6-B4CD5326620D}.Release|x64.ActiveCfg = Release|Any CPU
		{E66D3AC8-0DBB-4E52-9DE6-B4CD5326620D}.Release|x64.Build.0 = Release|Any CPU
		{E66D3AC8-0DBB-4E52-9DE6-B4CD5326620D}.Release|x64.Deploy.0 = Release|Any CPU
		{E66D3AC8-0DBB-4E52-9DE6-B4CD5326620D}.Release|x86.ActiveCfg = Release|Any CPU
		{E66D3AC8-0DBB-4E52-9DE6-B4CD5326620D}.Release|x86.Build.0 = Release|Any CPU
		{E66D3AC8-0DBB-4E52-9DE6-B4CD5326620D}.Release|x86.Deploy.0 = Release|Any CPU
		{489129C9-8DCA-49BA-876E-18998CFAC248}.Debug|Any CPU.ActiveCfg = Debug|iPhoneSimulator
		{489129C9-8DCA-49BA-876E-18998CFAC248}.Debug|Any CPU.Build.0 = Debug|iPhoneSimulator
		{489129C9-8DCA-49BA-876E-18998CFAC248}.Debug|Any CPU.Deploy.0 = Debug|iPhoneSimulator
		{489129C9-8DCA-49BA-876E-18998CFAC248}.Debug|ARM.ActiveCfg = Debug|iPhoneSimulator
		{489129C9-8DCA-49BA-876E-18998CFAC248}.Debug|ARM.Build.0 = Debug|iPhoneSimulator
		{489129C9-8DCA-49BA-876E-18998CFAC248}.Debug|ARM.Deploy.0 = Debug|iPhoneSimulator
		{489129C9-8DCA-49BA-876E-18998CFAC248}.Debug|iPhone.ActiveCfg = Debug|iPhone
		{489129C9-8DCA-49BA-876E-18998CFAC248}.Debug|iPhone.Build.0 = Debug|iPhone
		{489129C9-8DCA-49BA-876E-18998CFAC248}.Debug|iPhone.Deploy.0 = Debug|iPhone
		{489129C9-8DCA-49BA-876E-18998CFAC248}.Debug|iPhoneSimulator.ActiveCfg = Debug|iPhoneSimulator
		{489129C9-8DCA-49BA-876E-18998CFAC248}.Debug|iPhoneSimulator.Build.0 = Debug|iPhoneSimulator
		{489129C9-8DCA-49BA-876E-18998CFAC248}.Debug|iPhoneSimulator.Deploy.0 = Debug|iPhoneSimulator
		{489129C9-8DCA-49BA-876E-18998CFAC248}.Debug|x64.ActiveCfg = Debug|iPhone
		{489129C9-8DCA-49BA-876E-18998CFAC248}.Debug|x64.Build.0 = Debug|iPhone
		{489129C9-8DCA-49BA-876E-18998CFAC248}.Debug|x64.Deploy.0 = Debug|iPhone
		{489129C9-8DCA-49BA-876E-18998CFAC248}.Debug|x86.ActiveCfg = Debug|iPhoneSimulator
		{489129C9-8DCA-49BA-876E-18998CFAC248}.Debug|x86.Build.0 = Debug|iPhoneSimulator
		{489129C9-8DCA-49BA-876E-18998CFAC248}.Debug|x86.Deploy.0 = Debug|iPhoneSimulator
		{489129C9-8DCA-49BA-876E-18998CFAC248}.Release|Any CPU.ActiveCfg = Release|iPhoneSimulator
		{489129C9-8DCA-49BA-876E-18998CFAC248}.Release|Any CPU.Build.0 = Release|iPhoneSimulator
		{489129C9-8DCA-49BA-876E-18998CFAC248}.Release|Any CPU.Deploy.0 = Release|iPhoneSimulator
		{489129C9-8DCA-49BA-876E-18998CFAC248}.Release|ARM.ActiveCfg = Release|iPhoneSimulator
		{489129C9-8DCA-49BA-876E-18998CFAC248}.Release|ARM.Build.0 = Release|iPhoneSimulator
		{489129C9-8DCA-49BA-876E-18998CFAC248}.Release|ARM.Deploy.0 = Release|iPhoneSimulator
		{489129C9-8DCA-49BA-876E-18998CFAC248}.Release|iPhone.ActiveCfg = Release|iPhone
		{489129C9-8DCA-49BA-876E-18998CFAC248}.Release|iPhone.Build.0 = Release|iPhone
		{489129C9-8DCA-49BA-876E-18998CFAC248}.Release|iPhone.Deploy.0 = Release|iPhone
		{489129C9-8DCA-49BA-876E-18998CFAC248}.Release|iPhoneSimulator.ActiveCfg = Release|iPhoneSimulator
		{489129C9-8DCA-49BA-876E-18998CFAC248}.Release|iPhoneSimulator.Build.0 = Release|iPhoneSimulator
		{489129C9-8DCA-49BA-876E-18998CFAC248}.Release|iPhoneSimulator.Deploy.0 = Release|iPhoneSimulator
		{489129C9-8DCA-49BA-876E-18998CFAC248}.Release|x64.ActiveCfg = Release|iPhoneSimulator
		{489129C9-8DCA-49BA-876E-18998CFAC248}.Release|x64.Build.0 = Release|iPhoneSimulator
		{489129C9-8DCA-49BA-876E-18998CFAC248}.Release|x64.Deploy.0 = Release|iPhoneSimulator
		{489129C9-8DCA-49BA-876E-18998CFAC248}.Release|x86.ActiveCfg = Release|iPhoneSimulator
		{489129C9-8DCA-49BA-876E-18998CFAC248}.Release|x86.Build.0 = Release|iPhoneSimulator
		{489129C9-8DCA-49BA-876E-18998CFAC248}.Release|x86.Deploy.0 = Release|iPhoneSimulator
		{FE089CC2-2AEC-4A56-8CD2-332A0EC2CB62}.Debug|Any CPU.ActiveCfg = Debug|Any CPU
		{FE089CC2-2AEC-4A56-8CD2-332A0EC2CB62}.Debug|Any CPU.Build.0 = Debug|Any CPU
		{FE089CC2-2AEC-4A56-8CD2-332A0EC2CB62}.Debug|Any CPU.Deploy.0 = Debug|Any CPU
		{FE089CC2-2AEC-4A56-8CD2-332A0EC2CB62}.Debug|ARM.ActiveCfg = Debug|Any CPU
		{FE089CC2-2AEC-4A56-8CD2-332A0EC2CB62}.Debug|ARM.Build.0 = Debug|Any CPU
		{FE089CC2-2AEC-4A56-8CD2-332A0EC2CB62}.Debug|ARM.Deploy.0 = Debug|Any CPU
		{FE089CC2-2AEC-4A56-8CD2-332A0EC2CB62}.Debug|iPhone.ActiveCfg = Debug|Any CPU
		{FE089CC2-2AEC-4A56-8CD2-332A0EC2CB62}.Debug|iPhone.Build.0 = Debug|Any CPU
		{FE089CC2-2AEC-4A56-8CD2-332A0EC2CB62}.Debug|iPhone.Deploy.0 = Debug|Any CPU
		{FE089CC2-2AEC-4A56-8CD2-332A0EC2CB62}.Debug|iPhoneSimulator.ActiveCfg = Debug|Any CPU
		{FE089CC2-2AEC-4A56-8CD2-332A0EC2CB62}.Debug|iPhoneSimulator.Build.0 = Debug|Any CPU
		{FE089CC2-2AEC-4A56-8CD2-332A0EC2CB62}.Debug|iPhoneSimulator.Deploy.0 = Debug|Any CPU
		{FE089CC2-2AEC-4A56-8CD2-332A0EC2CB62}.Debug|x64.ActiveCfg = Debug|Any CPU
		{FE089CC2-2AEC-4A56-8CD2-332A0EC2CB62}.Debug|x64.Build.0 = Debug|Any CPU
		{FE089CC2-2AEC-4A56-8CD2-332A0EC2CB62}.Debug|x64.Deploy.0 = Debug|Any CPU
		{FE089CC2-2AEC-4A56-8CD2-332A0EC2CB62}.Debug|x86.ActiveCfg = Debug|Any CPU
		{FE089CC2-2AEC-4A56-8CD2-332A0EC2CB62}.Debug|x86.Build.0 = Debug|Any CPU
		{FE089CC2-2AEC-4A56-8CD2-332A0EC2CB62}.Debug|x86.Deploy.0 = Debug|Any CPU
		{FE089CC2-2AEC-4A56-8CD2-332A0EC2CB62}.Release|Any CPU.ActiveCfg = Release|Any CPU
		{FE089CC2-2AEC-4A56-8CD2-332A0EC2CB62}.Release|Any CPU.Build.0 = Release|Any CPU
		{FE089CC2-2AEC-4A56-8CD2-332A0EC2CB62}.Release|Any CPU.Deploy.0 = Release|Any CPU
		{FE089CC2-2AEC-4A56-8CD2-332A0EC2CB62}.Release|ARM.ActiveCfg = Release|Any CPU
		{FE089CC2-2AEC-4A56-8CD2-332A0EC2CB62}.Release|ARM.Build.0 = Release|Any CPU
		{FE089CC2-2AEC-4A56-8CD2-332A0EC2CB62}.Release|ARM.Deploy.0 = Release|Any CPU
		{FE089CC2-2AEC-4A56-8CD2-332A0EC2CB62}.Release|iPhone.ActiveCfg = Release|Any CPU
		{FE089CC2-2AEC-4A56-8CD2-332A0EC2CB62}.Release|iPhone.Build.0 = Release|Any CPU
		{FE089CC2-2AEC-4A56-8CD2-332A0EC2CB62}.Release|iPhone.Deploy.0 = Release|Any CPU
		{FE089CC2-2AEC-4A56-8CD2-332A0EC2CB62}.Release|iPhoneSimulator.ActiveCfg = Release|Any CPU
		{FE089CC2-2AEC-4A56-8CD2-332A0EC2CB62}.Release|iPhoneSimulator.Build.0 = Release|Any CPU
		{FE089CC2-2AEC-4A56-8CD2-332A0EC2CB62}.Release|iPhoneSimulator.Deploy.0 = Release|Any CPU
		{FE089CC2-2AEC-4A56-8CD2-332A0EC2CB62}.Release|x64.ActiveCfg = Release|Any CPU
		{FE089CC2-2AEC-4A56-8CD2-332A0EC2CB62}.Release|x64.Build.0 = Release|Any CPU
		{FE089CC2-2AEC-4A56-8CD2-332A0EC2CB62}.Release|x64.Deploy.0 = Release|Any CPU
		{FE089CC2-2AEC-4A56-8CD2-332A0EC2CB62}.Release|x86.ActiveCfg = Release|Any CPU
		{FE089CC2-2AEC-4A56-8CD2-332A0EC2CB62}.Release|x86.Build.0 = Release|Any CPU
		{FE089CC2-2AEC-4A56-8CD2-332A0EC2CB62}.Release|x86.Deploy.0 = Release|Any CPU
	EndGlobalSection
	GlobalSection(SolutionProperties) = preSolution
		HideSolutionNode = FALSE
	EndGlobalSection
	GlobalSection(ExtensibilityGlobals) = postSolution
		SolutionGuid = {224CB8F2-BFA3-4C5A-8200-E72305888377}
	EndGlobalSection
EndGlobal
